dependencies:
- name: kube-prometheus-stack
  repository: https://prometheus-community.github.io/helm-charts
  version: 61.3.1
- name: elasticsearch
  repository: https://helm.elastic.co
  version: 8.5.1
- name: logstash
  repository: https://helm.elastic.co
  version: 8.5.1
- name: filebeat
  repository: https://helm.elastic.co
  version: 8.5.1
digest: sha256:fe7188cc89f55fd5ddefff114e99ecab6e8d81bd5df2f941f6cb5927038b2ebf
generated: "2026-09-19T17:15:31.0555643+04:30"
