dependencies:
- name: kube-prometheus-stack
  repository: https://prometheus-community.github.io/helm-charts
  version: 61.3.1
- name: eck-stack
  repository: https://helm.elastic.co
  version: 0.20.0
digest: sha256:3afbc1f7ab095e36ae9a9c20c094f3fd9f276324afd189c9a5d28d53cd191e42
generated: "2026-09-21T17:04:54.1203431+04:30"
